# This file is automatically @generated by Cargo.
# It is not intended for manual editing.
version = 3

[[package]]
name = "BinarySearch"
version = "0.1.0"

[[package]]
name = "BubbleSort"
version = "0.1.0"

[[package]]
name = "LinearRegression"
version = "0.1.0"

[[package]]
name = "LinearSearch"
version = "0.1.0"

[[package]]
name = "MergeSort"
version = "0.1.0"

[[package]]
name = "Rust-DSA"
version = "0.1.0"
